
Microsoft Visual Studio Solution File, Format Version 12.00
# Visual Studio Version 17
VisualStudioVersion = 17.4.33103.184
MinimumVisualStudioVersion = 10.0.40219.1
Project("{FAE04EC0-301F-11D3-BF4B-00C04F79EFBC}") = "BTLDotNet", "BTLDotNet\BTLDotNet.csproj", "{F51EFD12-483C-4B45-9755-D82E14FA2603}"
EndProject
Project("{FAE04EC0-301F-11D3-BF4B-00C04F79EFBC}") = "Controller", "Controller\Controller.csproj", "{5569CDD4-F90A-454F-AFD6-E49E9AAF4A5E}"
EndProject
Project("{FAE04EC0-301F-11D3-BF4B-00C04F79EFBC}") = "Model", "Model\Model.csproj", "{C2820D79-61C2-4B9F-8E09-625C4F4BCA98}"
EndProject
Global
	GlobalSection(SolutionConfigurationPlatforms) = preSolution
		Debug|Any CPU = Debug|Any CPU
		Release|Any CPU = Release|Any CPU
	EndGlobalSection
	GlobalSection(ProjectConfigurationPlatforms) = postSolution
		{F51EFD12-483C-4B45-9755-D82E14FA2603}.Debug|Any CPU.ActiveCfg = Debug|Any CPU
		{F51EFD12-483C-4B45-9755-D82E14FA2603}.Debug|Any CPU.Build.0 = Debug|Any CPU
		{F51EFD12-483C-4B45-9755-D82E14FA2603}.Release|Any CPU.ActiveCfg = Release|Any CPU
		{F51EFD12-483C-4B45-9755-D82E14FA2603}.Release|Any CPU.Build.0 = Release|Any CPU
		{5569CDD4-F90A-454F-AFD6-E49E9AAF4A5E}.Debug|Any CPU.ActiveCfg = Debug|Any CPU
		{5569CDD4-F90A-454F-AFD6-E49E9AAF4A5E}.Debug|Any CPU.Build.0 = Debug|Any CPU
		{5569CDD4-F90A-454F-AFD6-E49E9AAF4A5E}.Release|Any CPU.ActiveCfg = Release|Any CPU
		{5569CDD4-F90A-454F-AFD6-E49E9AAF4A5E}.Release|Any CPU.Build.0 = Release|Any CPU
		{C2820D79-61C2-4B9F-8E09-625C4F4BCA98}.Debug|Any CPU.ActiveCfg = Debug|Any CPU
		{C2820D79-61C2-4B9F-8E09-625C4F4BCA98}.Debug|Any CPU.Build.0 = Debug|Any CPU
		{C2820D79-61C2-4B9F-8E09-625C4F4BCA98}.Release|Any CPU.ActiveCfg = Release|Any CPU
		{C2820D79-61C2-4B9F-8E09-625C4F4BCA98}.Release|Any CPU.Build.0 = Release|Any CPU
	EndGlobalSection
	GlobalSection(SolutionProperties) = preSolution
		HideSolutionNode = FALSE
	EndGlobalSection
	GlobalSection(ExtensibilityGlobals) = postSolution
		SolutionGuid = {A25DCE82-D9D0-4BEB-B4A4-35A3BD095394}
	EndGlobalSection
EndGlobal
